// !$*UTF8*$!
{
	archiveVersion = 1;
	classes = {
	};
	objectVersion = 50;
	objects = {

/* Begin PBXBuildFile section */
		3FC175F525FC0A7000B605ED /* SettingsVC.swift in Sources */ = {isa = PBXBuildFile; fileRef = 3FC175F425FC0A7000B605ED /* SettingsVC.swift */; };
		3FE6668B25F982B700DE1D46 /* AppDelegate.swift in Sources */ = {isa = PBXBuildFile; fileRef = 3FE6668A25F982B700DE1D46 /* AppDelegate.swift */; };
		3FE6668D25F982B700DE1D46 /* SceneDelegate.swift in Sources */ = {isa = PBXBuildFile; fileRef = 3FE6668C25F982B700DE1D46 /* SceneDelegate.swift */; };
		3FE6668F25F982B700DE1D46 /* HabitVC.swift in Sources */ = {isa = PBXBuildFile; fileRef = 3FE6668E25F982B700DE1D46 /* HabitVC.swift */; };
		3FE6669225F982B700DE1D46 /* Main.storyboard in Resources */ = {isa = PBXBuildFile; fileRef = 3FE6669025F982B700DE1D46 /* Main.storyboard */; };
		3FE6669525F982B700DE1D46 /* mo_ikai.xcdatamodeld in Sources */ = {isa = PBXBuildFile; fileRef = 3FE6669325F982B700DE1D46 /* mo_ikai.xcdatamodeld */; };
		3FE6669725F982B900DE1D46 /* Assets.xcassets in Resources */ = {isa = PBXBuildFile; fileRef = 3FE6669625F982B900DE1D46 /* Assets.xcassets */; };
		3FE6669A25F982B900DE1D46 /* LaunchScreen.storyboard in Resources */ = {isa = PBXBuildFile; fileRef = 3FE6669825F982B900DE1D46 /* LaunchScreen.storyboard */; };
		3FE666A525F982B900DE1D46 /* mo_ikaiTests.swift in Sources */ = {isa = PBXBuildFile; fileRef = 3FE666A425F982B900DE1D46 /* mo_ikaiTests.swift */; };
		3FE666B025F982BA00DE1D46 /* mo_ikaiUITests.swift in Sources */ = {isa = PBXBuildFile; fileRef = 3FE666AF25F982BA00DE1D46 /* mo_ikaiUITests.swift */; };
/* End PBXBuildFile section */

/* Begin PBXContainerItemProxy section */
		3FE666A125F982B900DE1D46 /* PBXContainerItemProxy */ = {
			isa = PBXContainerItemProxy;
			containerPortal = 3FE6667F25F982B700DE1D46 /* Project object */;
			proxyType = 1;
			remoteGlobalIDString = 3FE6668625F982B700DE1D46;
			remoteInfo = "mo-ikai";
		};
		3FE666AC25F982BA00DE1D46 /* PBXContainerItemProxy */ = {
			isa = PBXContainerItemProxy;
			containerPortal = 3FE6667F25F982B700DE1D46 /* Project object */;
			proxyType = 1;
			remoteGlobalIDString = 3FE6668625F982B700DE1D46;
			remoteInfo = "mo-ikai";
		};
/* End PBXContainerItemProxy section */

/* Begin PBXFileReference section */
		3FC175F425FC0A7000B605ED /* SettingsVC.swift */ = {isa = PBXFileReference; lastKnownFileType = sourcecode.swift; path = SettingsVC.swift; sourceTree = "<group>"; };
		3FE6668725F982B700DE1D46 /* mo-ikai.app */ = {isa = PBXFileReference; explicitFileType = wrapper.application; includeInIndex = 0; path = "mo-ikai.app"; sourceTree = BUILT_PRODUCTS_DIR; };
		3FE6668A25F982B700DE1D46 /* AppDelegate.swift */ = {isa = PBXFileReference; lastKnownFileType = sourcecode.swift; path = AppDelegate.swift; sourceTree = "<group>"; };
		3FE6668C25F982B700DE1D46 /* SceneDelegate.swift */ = {isa = PBXFileReference; lastKnownFileType = sourcecode.swift; path = SceneDelegate.swift; sourceTree = "<group>"; };
		3FE6668E25F982B700DE1D46 /* HabitVC.swift */ = {isa = PBXFileReference; lastKnownFileType = sourcecode.swift; path = HabitVC.swift; sourceTree = "<group>"; };
		3FE6669125F982B700DE1D46 /* Base */ = {isa = PBXFileReference; lastKnownFileType = file.storyboard; name = Base; path = Base.lproj/Main.storyboard; sourceTree = "<group>"; };
		3FE6669425F982B700DE1D46 /* mo_ikai.xcdatamodel */ = {isa = PBXFileReference; lastKnownFileType = wrapper.xcdatamodel; path = mo_ikai.xcdatamodel; sourceTree = "<group>"; };
		3FE6669625F982B900DE1D46 /* Assets.xcassets */ = {isa = PBXFileReference; lastKnownFileType = folder.assetcatalog; path = Assets.xcassets; sourceTree = "<group>"; };
		3FE6669925F982B900DE1D46 /* Base */ = {isa = PBXFileReference; lastKnownFileType = file.storyboard; name = Base; path = Base.lproj/LaunchScreen.storyboard; sourceTree = "<group>"; };
		3FE6669B25F982B900DE1D46 /* Info.plist */ = {isa = PBXFileReference; lastKnownFileType = text.plist.xml; path = Info.plist; sourceTree = "<group>"; };
		3FE666A025F982B900DE1D46 /* mo-ikaiTests.xctest */ = {isa = PBXFileReference; explicitFileType = wrapper.cfbundle; includeInIndex = 0; path = "mo-ikaiTests.xctest"; sourceTree = BUILT_PRODUCTS_DIR; };
		3FE666A425F982B900DE1D46 /* mo_ikaiTests.swift */ = {isa = PBXFileReference; lastKnownFileType = sourcecode.swift; path = mo_ikaiTests.swift; sourceTree = "<group>"; };
		3FE666A625F982B900DE1D46 /* Info.plist */ = {isa = PBXFileReference; lastKnownFileType = text.plist.xml; path = Info.plist; sourceTree = "<group>"; };
		3FE666AB25F982BA00DE1D46 /* mo-ikaiUITests.xctest */ = {isa = PBXFileReference; explicitFileType = wrapper.cfbundle; includeInIndex = 0; path = "mo-ikaiUITests.xctest"; sourceTree = BUILT_PRODUCTS_DIR; };
		3FE666AF25F982BA00DE1D46 /* mo_ikaiUITests.swift */ = {isa = PBXFileReference; lastKnownFileType = sourcecode.swift; path = mo_ikaiUITests.swift; sourceTree = "<group>"; };
		3FE666B125F982BA00DE1D46 /* Info.plist */ = {isa = PBXFileReference; lastKnownFileType = text.plist.xml; path = Info.plist; sourceTree = "<group>"; };
/* End PBXFileReference section */

/* Begin PBXFrameworksBuildPhase section */
		3FE6668425F982B700DE1D46 /* Frameworks */ = {
			isa = PBXFrameworksBuildPhase;
			buildActionMask = 2147483647;
			files = (
			);
			runOnlyForDeploymentPostprocessing = 0;
		};
		3FE6669D25F982B900DE1D46 /* Frameworks */ = {
			isa = PBXFrameworksBuildPhase;
			buildActionMask = 2147483647;
			files = (
			);
			runOnlyForDeploymentPostprocessing = 0;
		};
		3FE666A825F982BA00DE1D46 /* Frameworks */ = {
			isa = PBXFrameworksBuildPhase;
			buildActionMask = 2147483647;
			files = (
			);
			runOnlyForDeploymentPostprocessing = 0;
		};
/* End PBXFrameworksBuildPhase section */

/* Begin PBXGroup section */
		3FE6667E25F982B700DE1D46 = {
			isa = PBXGroup;
			children = (
				3FE6668925F982B700DE1D46 /* mo-ikai */,
				3FE666A325F982B900DE1D46 /* mo-ikaiTests */,
				3FE666AE25F982BA00DE1D46 /* mo-ikaiUITests */,
				3FE6668825F982B700DE1D46 /* Products */,
			);
			sourceTree = "<group>";
		};
		3FE6668825F982B700DE1D46 /* Products */ = {
			isa = PBXGroup;
			children = (
				3FE6668725F982B700DE1D46 /* mo-ikai.app */,
				3FE666A025F982B900DE1D46 /* mo-ikaiTests.xctest */,
				3FE666AB25F982BA00DE1D46 /* mo-ikaiUITests.xctest */,
			);
			name = Products;
			sourceTree = "<group>";
		};
		3FE6668925F982B700DE1D46 /* mo-ikai */ = {
			isa = PBXGroup;
			children = (
				3FE6668A25F982B700DE1D46 /* AppDelegate.swift */,
				3FE6668C25F982B700DE1D46 /* SceneDelegate.swift */,
				3FE6668E25F982B700DE1D46 /* HabitVC.swift */,
				3FE6669025F982B700DE1D46 /* Main.storyboard */,
				3FC175F425FC0A7000B605ED /* SettingsVC.swift */,
				3FE6669625F982B900DE1D46 /* Assets.xcassets */,
				3FE6669825F982B900DE1D46 /* LaunchScreen.storyboard */,
				3FE6669B25F982B900DE1D46 /* Info.plist */,
				3FE6669325F982B700DE1D46 /* mo_ikai.xcdatamodeld */,
			);
			path = "mo-ikai";
			sourceTree = "<group>";
		};
		3FE666A325F982B900DE1D46 /* mo-ikaiTests */ = {
			isa = PBXGroup;
			children = (
				3FE666A425F982B900DE1D46 /* mo_ikaiTests.swift */,
				3FE666A625F982B900DE1D46 /* Info.plist */,
			);
			path = "mo-ikaiTests";
			sourceTree = "<group>";
		};
		3FE666AE25F982BA00DE1D46 /* mo-ikaiUITests */ = {
			isa = PBXGroup;
			children = (
				3FE666AF25F982BA00DE1D46 /* mo_ikaiUITests.swift */,
				3FE666B125F982BA00DE1D46 /* Info.plist */,
			);
			path = "mo-ikaiUITests";
			sourceTree = "<group>";
		};
/* End PBXGroup section */

/* Begin PBXNativeTarget section */
		3FE6668625F982B700DE1D46 /* mo-ikai */ = {
			isa = PBXNativeTarget;
			buildConfigurationList = 3FE666B425F982BA00DE1D46 /* Build configuration list for PBXNativeTarget "mo-ikai" */;
			buildPhases = (
				3FE6668325F982B700DE1D46 /* Sources */,
				3FE6668425F982B700DE1D46 /* Frameworks */,
				3FE6668525F982B700DE1D46 /* Resources */,
			);
			buildRules = (
			);
			dependencies = (
			);
			name = "mo-ikai";
			productName = "mo-ikai";
			productReference = 3FE6668725F982B700DE1D46 /* mo-ikai.app */;
			productType = "com.apple.product-type.application";
		};
		3FE6669F25F982B900DE1D46 /* mo-ikaiTests */ = {
			isa = PBXNativeTarget;
			buildConfigurationList = 3FE666B725F982BA00DE1D46 /* Build configuration list for PBXNativeTarget "mo-ikaiTests" */;
			buildPhases = (
				3FE6669C25F982B900DE1D46 /* Sources */,
				3FE6669D25F982B900DE1D46 /* Frameworks */,
				3FE6669E25F982B900DE1D46 /* Resources */,
			);
			buildRules = (
			);
			dependencies = (
				3FE666A225F982B900DE1D46 /* PBXTargetDependency */,
			);
			name = "mo-ikaiTests";
			productName = "mo-ikaiTests";
			productReference = 3FE666A025F982B900DE1D46 /* mo-ikaiTests.xctest */;
			productType = "com.apple.product-type.bundle.unit-test";
		};
		3FE666AA25F982BA00DE1D46 /* mo-ikaiUITests */ = {
			isa = PBXNativeTarget;
			buildConfigurationList = 3FE666BA25F982BA00DE1D46 /* Build configuration list for PBXNativeTarget "mo-ikaiUITests" */;
			buildPhases = (
				3FE666A725F982BA00DE1D46 /* Sources */,
				3FE666A825F982BA00DE1D46 /* Frameworks */,
				3FE666A925F982BA00DE1D46 /* Resources */,
			);
			buildRules = (
			);
			dependencies = (
				3FE666AD25F982BA00DE1D46 /* PBXTargetDependency */,
			);
			name = "mo-ikaiUITests";
			productName = "mo-ikaiUITests";
			productReference = 3FE666AB25F982BA00DE1D46 /* mo-ikaiUITests.xctest */;
			productType = "com.apple.product-type.bundle.ui-testing";
		};
/* End PBXNativeTarget section */

/* Begin PBXProject section */
		3FE6667F25F982B700DE1D46 /* Project object */ = {
			isa = PBXProject;
			attributes = {
				LastSwiftUpdateCheck = 1240;
				LastUpgradeCheck = 1240;
				TargetAttributes = {
					3FE6668625F982B700DE1D46 = {
						CreatedOnToolsVersion = 12.4;
					};
					3FE6669F25F982B900DE1D46 = {
						CreatedOnToolsVersion = 12.4;
						TestTargetID = 3FE6668625F982B700DE1D46;
					};
					3FE666AA25F982BA00DE1D46 = {
						CreatedOnToolsVersion = 12.4;
						TestTargetID = 3FE6668625F982B700DE1D46;
					};
				};
			};
			buildConfigurationList = 3FE6668225F982B700DE1D46 /* Build configuration list for PBXProject "mo-ikai" */;
			compatibilityVersion = "Xcode 9.3";
			developmentRegion = en;
			hasScannedForEncodings = 0;
			knownRegions = (
				en,
				Base,
			);
			mainGroup = 3FE6667E25F982B700DE1D46;
			productRefGroup = 3FE6668825F982B700DE1D46 /* Products */;
			projectDirPath = "";
			projectRoot = "";
			targets = (
				3FE6668625F982B700DE1D46 /* mo-ikai */,
				3FE6669F25F982B900DE1D46 /* mo-ikaiTests */,
				3FE666AA25F982BA00DE1D46 /* mo-ikaiUITests */,
			);
		};
/* End PBXProject section */

/* Begin PBXResourcesBuildPhase section */
		3FE6668525F982B700DE1D46 /* Resources */ = {
			isa = PBXResourcesBuildPhase;
			buildActionMask = 2147483647;
			files = (
				3FE6669A25F982B900DE1D46 /* LaunchScreen.storyboard in Resources */,
				3FE6669725F982B900DE1D46 /* Assets.xcassets in Resources */,
				3FE6669225F982B700DE1D46 /* Main.storyboard in Resources */,
			);
			runOnlyForDeploymentPostprocessing = 0;
		};
		3FE6669E25F982B900DE1D46 /* Resources */ = {
			isa = PBXResourcesBuildPhase;
			buildActionMask = 2147483647;
			files = (
			);
			runOnlyForDeploymentPostprocessing = 0;
		};
		3FE666A925F982BA00DE1D46 /* Resources */ = {
			isa = PBXResourcesBuildPhase;
			buildActionMask = 2147483647;
			files = (
			);
			runOnlyForDeploymentPostprocessing = 0;
		};
/* End PBXResourcesBuildPhase section */

/* Begin PBXSourcesBuildPhase section */
		3FE6668325F982B700DE1D46 /* Sources */ = {
			isa = PBXSourcesBuildPhase;
			buildActionMask = 2147483647;
			files = (
				3FE6668F25F982B700DE1D46 /* HabitVC.swift in Sources */,
				3FE6669525F982B700DE1D46 /* mo_ikai.xcdatamodeld in Sources */,
				3FE6668B25F982B700DE1D46 /* AppDelegate.swift in Sources */,
				3FE6668D25F982B700DE1D46 /* SceneDelegate.swift in Sources */,
				3FC175F525FC0A7000B605ED /* SettingsVC.swift in Sources */,
			);
			runOnlyForDeploymentPostprocessing = 0;
		};
		3FE6669C25F982B900DE1D46 /* Sources */ = {
			isa = PBXSourcesBuildPhase;
			buildActionMask = 2147483647;
			files = (
				3FE666A525F982B900DE1D46 /* mo_ikaiTests.swift in Sources */,
			);
			runOnlyForDeploymentPostprocessing = 0;
		};
		3FE666A725F982BA00DE1D46 /* Sources */ = {
			isa = PBXSourcesBuildPhase;
			buildActionMask = 2147483647;
			files = (
				3FE666B025F982BA00DE1D46 /* mo_ikaiUITests.swift in Sources */,
			);
			runOnlyForDeploymentPostprocessing = 0;
		};
/* End PBXSourcesBuildPhase section */

/* Begin PBXTargetDependency section */
		3FE666A225F982B900DE1D46 /* PBXTargetDependency */ = {
			isa = PBXTargetDependency;
			target = 3FE6668625F982B700DE1D46 /* mo-ikai */;
			targetProxy = 3FE666A125F982B900DE1D46 /* PBXContainerItemProxy */;
		};
		3FE666AD25F982BA00DE1D46 /* PBXTargetDependency */ = {
			isa = PBXTargetDependency;
			target = 3FE6668625F982B700DE1D46 /* mo-ikai */;
			targetProxy = 3FE666AC25F982BA00DE1D46 /* PBXContainerItemProxy */;
		};
/* End PBXTargetDependency section */

/* Begin PBXVariantGroup section */
		3FE6669025F982B700DE1D46 /* Main.storyboard */ = {
			isa = PBXVariantGroup;
			children = (
				3FE6669125F982B700DE1D46 /* Base */,
			);
			name = Main.storyboard;
			sourceTree = "<group>";
		};
		3FE6669825F982B900DE1D46 /* LaunchScreen.storyboard */ = {
			isa = PBXVariantGroup;
			children = (
				3FE6669925F982B900DE1D46 /* Base */,
			);
			name = LaunchScreen.storyboard;
			sourceTree = "<group>";
		};
/* End PBXVariantGroup section */

/* Begin XCBuildConfiguration section */
		3FE666B225F982BA00DE1D46 /* Debug */ = {
			isa = XCBuildConfiguration;
			buildSettings = {
				ALWAYS_SEARCH_USER_PATHS = NO;
				CLANG_ANALYZER_NONNULL = YES;
				CLANG_ANALYZER_NUMBER_OBJECT_CONVERSION = YES_AGGRESSIVE;
				CLANG_CXX_LANGUAGE_STANDARD = "gnu++14";
				CLANG_CXX_LIBRARY = "libc++";
				CLANG_ENABLE_MODULES = YES;
				CLANG_ENABLE_OBJC_ARC = YES;
				CLANG_ENABLE_OBJC_WEAK = YES;
				CLANG_WARN_BLOCK_CAPTURE_AUTORELEASING = YES;
				CLANG_WARN_BOOL_CONVERSION = YES;
				CLANG_WARN_COMMA = YES;
				CLANG_WARN_CONSTANT_CONVERSION = YES;
				CLANG_WARN_DEPRECATED_OBJC_IMPLEMENTATIONS = YES;
				CLANG_WARN_DIRECT_OBJC_ISA_USAGE = YES_ERROR;
				CLANG_WARN_DOCUMENTATION_COMMENTS = YES;
				CLANG_WARN_EMPTY_BODY = YES;
				CLANG_WARN_ENUM_CONVERSION = YES;
				CLANG_WARN_INFINITE_RECURSION = YES;
				CLANG_WARN_INT_CONVERSION = YES;
				CLANG_WARN_NON_LITERAL_NULL_CONVERSION = YES;
				CLANG_WARN_OBJC_IMPLICIT_RETAIN_SELF = YES;
				CLANG_WARN_OBJC_LITERAL_CONVERSION = YES;
				CLANG_WARN_OBJC_ROOT_CLASS = YES_ERROR;
				CLANG_WARN_QUOTED_INCLUDE_IN_FRAMEWORK_HEADER = YES;
				CLANG_WARN_RANGE_LOOP_ANALYSIS = YES;
				CLANG_WARN_STRICT_PROTOTYPES = YES;
				CLANG_WARN_SUSPICIOUS_MOVE = YES;
				CLANG_WARN_UNGUARDED_AVAILABILITY = YES_AGGRESSIVE;
				CLANG_WARN_UNREACHABLE_CODE = YES;
				CLANG_WARN__DUPLICATE_METHOD_MATCH = YES;
				COPY_PHASE_STRIP = NO;
				DEBUG_INFORMATION_FORMAT = dwarf;
				ENABLE_STRICT_OBJC_MSGSEND = YES;
				ENABLE_TESTABILITY = YES;
				GCC_C_LANGUAGE_STANDARD = gnu11;
				GCC_DYNAMIC_NO_PIC = NO;
				GCC_NO_COMMON_BLOCKS = YES;
				GCC_OPTIMIZATION_LEVEL = 0;
				GCC_PREPROCESSOR_DEFINITIONS = (
					"DEBUG=1",
					"$(inherited)",
				);
				GCC_WARN_64_TO_32_BIT_CONVERSION = YES;
				GCC_WARN_ABOUT_RETURN_TYPE = YES_ERROR;
				GCC_WARN_UNDECLARED_SELECTOR = YES;
				GCC_WARN_UNINITIALIZED_AUTOS = YES_AGGRESSIVE;
				GCC_WARN_UNUSED_FUNCTION = YES;
				GCC_WARN_UNUSED_VARIABLE = YES;
				IPHONEOS_DEPLOYMENT_TARGET = 14.4;
				MTL_ENABLE_DEBUG_INFO = INCLUDE_SOURCE;
				MTL_FAST_MATH = YES;
				ONLY_ACTIVE_ARCH = YES;
				SDKROOT = iphoneos;
				SWIFT_ACTIVE_COMPILATION_CONDITIONS = DEBUG;
				SWIFT_OPTIMIZATION_LEVEL = "-Onone";
			};
			name = Debug;
		};
		3FE666B325F982BA00DE1D46 /* Release */ = {
			isa = XCBuildConfiguration;
			buildSettings = {
				ALWAYS_SEARCH_USER_PATHS = NO;
				CLANG_ANALYZER_NONNULL = YES;
				CLANG_ANALYZER_NUMBER_OBJECT_CONVERSION = YES_AGGRESSIVE;
				CLANG_CXX_LANGUAGE_STANDARD = "gnu++14";
				CLANG_CXX_LIBRARY = "libc++";
				CLANG_ENABLE_MODULES = YES;
				CLANG_ENABLE_OBJC_ARC = YES;
				CLANG_ENABLE_OBJC_WEAK = YES;
				CLANG_WARN_BLOCK_CAPTURE_AUTORELEASING = YES;
				CLANG_WARN_BOOL_CONVERSION = YES;
				CLANG_WARN_COMMA = YES;
				CLANG_WARN_CONSTANT_CONVERSION = YES;
				CLANG_WARN_DEPRECATED_OBJC_IMPLEMENTATIONS = YES;
				CLANG_WARN_DIRECT_OBJC_ISA_USAGE = YES_ERROR;
				CLANG_WARN_DOCUMENTATION_COMMENTS = YES;
				CLANG_WARN_EMPTY_BODY = YES;
				CLANG_WARN_ENUM_CONVERSION = YES;
				CLANG_WARN_INFINITE_RECURSION = YES;
				CLANG_WARN_INT_CONVERSION = YES;
				CLANG_WARN_NON_LITERAL_NULL_CONVERSION = YES;
				CLANG_WARN_OBJC_IMPLICIT_RETAIN_SELF = YES;
				CLANG_WARN_OBJC_LITERAL_CONVERSION = YES;
				CLANG_WARN_OBJC_ROOT_CLASS = YES_ERROR;
				CLANG_WARN_QUOTED_INCLUDE_IN_FRAMEWORK_HEADER = YES;
				CLANG_WARN_RANGE_LOOP_ANALYSIS = YES;
				CLANG_WARN_STRICT_PROTOTYPES = YES;
				CLANG_WARN_SUSPICIOUS_MOVE = YES;
				CLANG_WARN_UNGUARDED_AVAILABILITY = YES_AGGRESSIVE;
				CLANG_WARN_UNREACHABLE_CODE = YES;
				CLANG_WARN__DUPLICATE_METHOD_MATCH = YES;
				COPY_PHASE_STRIP = NO;
				DEBUG_INFORMATION_FORMAT = "dwarf-with-dsym";
				ENABLE_NS_ASSERTIONS = NO;
				ENABLE_STRICT_OBJC_MSGSEND = YES;
				GCC_C_LANGUAGE_STANDARD = gnu11;
				GCC_NO_COMMON_BLOCKS = YES;
				GCC_WARN_64_TO_32_BIT_CONVERSION = YES;
				GCC_WARN_ABOUT_RETURN_TYPE = YES_ERROR;
				GCC_WARN_UNDECLARED_SELECTOR = YES;
				GCC_WARN_UNINITIALIZED_AUTOS = YES_AGGRESSIVE;
				GCC_WARN_UNUSED_FUNCTION = YES;
				GCC_WARN_UNUSED_VARIABLE = YES;
				IPHONEOS_DEPLOYMENT_TARGET = 14.4;
				MTL_ENABLE_DEBUG_INFO = NO;
				MTL_FAST_MATH = YES;
				SDKROOT = iphoneos;
				SWIFT_COMPILATION_MODE = wholemodule;
				SWIFT_OPTIMIZATION_LEVEL = "-O";
				VALIDATE_PRODUCT = YES;
			};
			name = Release;
		};
		3FE666B525F982BA00DE1D46 /* Debug */ = {
			isa = XCBuildConfiguration;
			buildSettings = {
				ASSETCATALOG_COMPILER_APPICON_NAME = AppIcon;
				ASSETCATALOG_COMPILER_GLOBAL_ACCENT_COLOR_NAME = AccentColor;
				CODE_SIGN_STYLE = Automatic;
				INFOPLIST_FILE = "mo-ikai/Info.plist";
				LD_RUNPATH_SEARCH_PATHS = (
					"$(inherited)",
					"@executable_path/Frameworks",
				);
				PRODUCT_BUNDLE_IDENTIFIER = "CS-371L.mo-ikai";
				PRODUCT_NAME = "$(TARGET_NAME)";
				SWIFT_VERSION = 5.0;
				TARGETED_DEVICE_FAMILY = "1,2";
			};
			name = Debug;
		};
		3FE666B625F982BA00DE1D46 /* Release */ = {
			isa = XCBuildConfiguration;
			buildSettings = {
				ASSETCATALOG_COMPILER_APPICON_NAME = AppIcon;
				ASSETCATALOG_COMPILER_GLOBAL_ACCENT_COLOR_NAME = AccentColor;
				CODE_SIGN_STYLE = Automatic;
				INFOPLIST_FILE = "mo-ikai/Info.plist";
				LD_RUNPATH_SEARCH_PATHS = (
					"$(inherited)",
					"@executable_path/Frameworks",
				);
				PRODUCT_BUNDLE_IDENTIFIER = "CS-371L.mo-ikai";
				PRODUCT_NAME = "$(TARGET_NAME)";
				SWIFT_VERSION = 5.0;
				TARGETED_DEVICE_FAMILY = "1,2";
			};
			name = Release;
		};
		3FE666B825F982BA00DE1D46 /* Debug */ = {
			isa = XCBuildConfiguration;
			buildSettings = {
				ALWAYS_EMBED_SWIFT_STANDARD_LIBRARIES = YES;
				BUNDLE_LOADER = "$(TEST_HOST)";
				CODE_SIGN_STYLE = Automatic;
				INFOPLIST_FILE = "mo-ikaiTests/Info.plist";
				IPHONEOS_DEPLOYMENT_TARGET = 14.4;
				LD_RUNPATH_SEARCH_PATHS = (
					"$(inherited)",
					"@executable_path/Frameworks",
					"@loader_path/Frameworks",
				);
				PRODUCT_BUNDLE_IDENTIFIER = "CS-371L.mo-ikaiTests";
				PRODUCT_NAME = "$(TARGET_NAME)";
				SWIFT_VERSION = 5.0;
				TARGETED_DEVICE_FAMILY = "1,2";
				TEST_HOST = "$(BUILT_PRODUCTS_DIR)/mo-ikai.app/mo-ikai";
			};
			name = Debug;
		};
		3FE666B925F982BA00DE1D46 /* Release */ = {
			isa = XCBuildConfiguration;
			buildSettings = {
				ALWAYS_EMBED_SWIFT_STANDARD_LIBRARIES = YES;
				BUNDLE_LOADER = "$(TEST_HOST)";
				CODE_SIGN_STYLE = Automatic;
				INFOPLIST_FILE = "mo-ikaiTests/Info.plist";
				IPHONEOS_DEPLOYMENT_TARGET = 14.4;
				LD_RUNPATH_SEARCH_PATHS = (
					"$(inherited)",
					"@executable_path/Frameworks",
					"@loader_path/Frameworks",
				);
				PRODUCT_BUNDLE_IDENTIFIER = "CS-371L.mo-ikaiTests";
				PRODUCT_NAME = "$(TARGET_NAME)";
				SWIFT_VERSION = 5.0;
				TARGETED_DEVICE_FAMILY = "1,2";
				TEST_HOST = "$(BUILT_PRODUCTS_DIR)/mo-ikai.app/mo-ikai";
			};
			name = Release;
		};
		3FE666BB25F982BA00DE1D46 /* Debug */ = {
			isa = XCBuildConfiguration;
			buildSettings = {
				ALWAYS_EMBED_SWIFT_STANDARD_LIBRARIES = YES;
				CODE_SIGN_STYLE = Automatic;
				INFOPLIST_FILE = "mo-ikaiUITests/Info.plist";
				LD_RUNPATH_SEARCH_PATHS = (
					"$(inherited)",
					"@executable_path/Frameworks",
					"@loader_path/Frameworks",
				);
				PRODUCT_BUNDLE_IDENTIFIER = "CS-371L.mo-ikaiUITests";
				PRODUCT_NAME = "$(TARGET_NAME)";
				SWIFT_VERSION = 5.0;
				TARGETED_DEVICE_FAMILY = "1,2";
				TEST_TARGET_NAME = "mo-ikai";
			};
			name = Debug;
		};
		3FE666BC25F982BA00DE1D46 /* Release */ = {
			isa = XCBuildConfiguration;
			buildSettings = {
				ALWAYS_EMBED_SWIFT_STANDARD_LIBRARIES = YES;
				CODE_SIGN_STYLE = Automatic;
				INFOPLIST_FILE = "mo-ikaiUITests/Info.plist";
				LD_RUNPATH_SEARCH_PATHS = (
					"$(inherited)",
					"@executable_path/Frameworks",
					"@loader_path/Frameworks",
				);
				PRODUCT_BUNDLE_IDENTIFIER = "CS-371L.mo-ikaiUITests";
				PRODUCT_NAME = "$(TARGET_NAME)";
				SWIFT_VERSION = 5.0;
				TARGETED_DEVICE_FAMILY = "1,2";
				TEST_TARGET_NAME = "mo-ikai";
			};
			name = Release;
		};
/* End XCBuildConfiguration section */

/* Begin XCConfigurationList section */
		3FE6668225F982B700DE1D46 /* Build configuration list for PBXProject "mo-ikai" */ = {
			isa = XCConfigurationList;
			buildConfigurations = (
				3FE666B225F982BA00DE1D46 /* Debug */,
				3FE666B325F982BA00DE1D46 /* Release */,
			);
			defaultConfigurationIsVisible = 0;
			defaultConfigurationName = Release;
		};
		3FE666B425F982BA00DE1D46 /* Build configuration list for PBXNativeTarget "mo-ikai" */ = {
			isa = XCConfigurationList;
			buildConfigurations = (
				3FE666B525F982BA00DE1D46 /* Debug */,
				3FE666B625F982BA00DE1D46 /* Release */,
			);
			defaultConfigurationIsVisible = 0;
			defaultConfigurationName = Release;
		};
		3FE666B725F982BA00DE1D46 /* Build configuration list for PBXNativeTarget "mo-ikaiTests" */ = {
			isa = XCConfigurationList;
			buildConfigurations = (
				3FE666B825F982BA00DE1D46 /* Debug */,
				3FE666B925F982BA00DE1D46 /* Release */,
			);
			defaultConfigurationIsVisible = 0;
			defaultConfigurationName = Release;
		};
		3FE666BA25F982BA00DE1D46 /* Build configuration list for PBXNativeTarget "mo-ikaiUITests" */ = {
			isa = XCConfigurationList;
			buildConfigurations = (
				3FE666BB25F982BA00DE1D46 /* Debug */,
				3FE666BC25F982BA00DE1D46 /* Release */,
			);
			defaultConfigurationIsVisible = 0;
			defaultConfigurationName = Release;
		};
/* End XCConfigurationList section */

/* Begin XCVersionGroup section */
		3FE6669325F982B700DE1D46 /* mo_ikai.xcdatamodeld */ = {
			isa = XCVersionGroup;
			children = (
				3FE6669425F982B700DE1D46 /* mo_ikai.xcdatamodel */,
			);
			currentVersion = 3FE6669425F982B700DE1D46 /* mo_ikai.xcdatamodel */;
			path = mo_ikai.xcdatamodeld;
			sourceTree = "<group>";
			versionGroupType = wrapper.xcdatamodel;
		};
/* End XCVersionGroup section */
	};
	rootObject = 3FE6667F25F982B700DE1D46 /* Project object */;
}
